
Microsoft Visual Studio Solution File, Format Version 12.00
# Visual Studio Version 17
VisualStudioVersion = 17.0.31903.59
MinimumVisualStudioVersion = 10.0.40219.1
Project("{2150E333-8FDC-42A3-9474-1A3956D46DE8}") = "src", "src", "{827E0CD3-B72D-47B6-A68D-7590B98EB39B}"
EndProject
Project("{FAE04EC0-301F-11D3-BF4B-00C04F79EFBC}") = "SpeakingShorts.Data", "src\SpeakingShorts.Data\SpeakingShorts.Data.csproj", "{A6C74CBE-3205-46F0-924F-C40D20D964A1}"
EndProject
Project("{FAE04EC0-301F-11D3-BF4B-00C04F79EFBC}") = "SpeakingShorts.Domain", "src\SpeakingShorts.Domain\SpeakingShorts.Domain.csproj", "{B8EDFB43-2FD3-4BE2-B86A-0AC2FDF08BC6}"
EndProject
Project("{FAE04EC0-301F-11D3-BF4B-00C04F79EFBC}") = "SpeakingShorts.Service", "src\SpeakingShorts.Service\SpeakingShorts.Service.csproj", "{BDDFB27C-DD63-407B-B36B-A69BA8C99500}"
EndProject
Project("{FAE04EC0-301F-11D3-BF4B-00C04F79EFBC}") = "SpeakingShorts.WebApi", "src\SpeakingShorts.WebApi\SpeakingShorts.WebApi.csproj", "{EEDE9F6D-DE79-4970-9720-BCAB6E302D0C}"
EndProject
Global
	GlobalSection(SolutionConfigurationPlatforms) = preSolution
		Debug|Any CPU = Debug|Any CPU
		Debug|x64 = Debug|x64
		Debug|x86 = Debug|x86
		Release|Any CPU = Release|Any CPU
		Release|x64 = Release|x64
		Release|x86 = Release|x86
	EndGlobalSection
	GlobalSection(ProjectConfigurationPlatforms) = postSolution
		{A6C74CBE-3205-46F0-924F-C40D20D964A1}.Debug|Any CPU.ActiveCfg = Debug|Any CPU
		{A6C74CBE-3205-46F0-924F-C40D20D964A1}.Debug|Any CPU.Build.0 = Debug|Any CPU
		{A6C74CBE-3205-46F0-924F-C40D20D964A1}.Debug|x64.ActiveCfg = Debug|Any CPU
		{A6C74CBE-3205-46F0-924F-C40D20D964A1}.Debug|x64.Build.0 = Debug|Any CPU
		{A6C74CBE-3205-46F0-924F-C40D20D964A1}.Debug|x86.ActiveCfg = Debug|Any CPU
		{A6C74CBE-3205-46F0-924F-C40D20D964A1}.Debug|x86.Build.0 = Debug|Any CPU
		{A6C74CBE-3205-46F0-924F-C40D20D964A1}.Release|Any CPU.ActiveCfg = Release|Any CPU
		{A6C74CBE-3205-46F0-924F-C40D20D964A1}.Release|Any CPU.Build.0 = Release|Any CPU
		{A6C74CBE-3205-46F0-924F-C40D20D964A1}.Release|x64.ActiveCfg = Release|Any CPU
		{A6C74CBE-3205-46F0-924F-C40D20D964A1}.Release|x64.Build.0 = Release|Any CPU
		{A6C74CBE-3205-46F0-924F-C40D20D964A1}.Release|x86.ActiveCfg = Release|Any CPU
		{A6C74CBE-3205-46F0-924F-C40D20D964A1}.Release|x86.Build.0 = Release|Any CPU
		{B8EDFB43-2FD3-4BE2-B86A-0AC2FDF08BC6}.Debug|Any CPU.ActiveCfg = Debug|Any CPU
		{B8EDFB43-2FD3-4BE2-B86A-0AC2FDF08BC6}.Debug|Any CPU.Build.0 = Debug|Any CPU
		{B8EDFB43-2FD3-4BE2-B86A-0AC2FDF08BC6}.Debug|x64.ActiveCfg = Debug|Any CPU
		{B8EDFB43-2FD3-4BE2-B86A-0AC2FDF08BC6}.Debug|x64.Build.0 = Debug|Any CPU
		{B8EDFB43-2FD3-4BE2-B86A-0AC2FDF08BC6}.Debug|x86.ActiveCfg = Debug|Any CPU
		{B8EDFB43-2FD3-4BE2-B86A-0AC2FDF08BC6}.Debug|x86.Build.0 = Debug|Any CPU
		{B8EDFB43-2FD3-4BE2-B86A-0AC2FDF08BC6}.Release|Any CPU.ActiveCfg = Release|Any CPU
		{B8EDFB43-2FD3-4BE2-B86A-0AC2FDF08BC6}.Release|Any CPU.Build.0 = Release|Any CPU
		{B8EDFB43-2FD3-4BE2-B86A-0AC2FDF08BC6}.Release|x64.ActiveCfg = Release|Any CPU
		{B8EDFB43-2FD3-4BE2-B86A-0AC2FDF08BC6}.Release|x64.Build.0 = Release|Any CPU
		{B8EDFB43-2FD3-4BE2-B86A-0AC2FDF08BC6}.Release|x86.ActiveCfg = Release|Any CPU
		{B8EDFB43-2FD3-4BE2-B86A-0AC2FDF08BC6}.Release|x86.Build.0 = Release|Any CPU
		{BDDFB27C-DD63-407B-B36B-A69BA8C99500}.Debug|Any CPU.ActiveCfg = Debug|Any CPU
		{BDDFB27C-DD63-407B-B36B-A69BA8C99500}.Debug|Any CPU.Build.0 = Debug|Any CPU
		{BDDFB27C-DD63-407B-B36B-A69BA8C99500}.Debug|x64.ActiveCfg = Debug|Any CPU
		{BDDFB27C-DD63-407B-B36B-A69BA8C99500}.Debug|x64.Build.0 = Debug|Any CPU
		{BDDFB27C-DD63-407B-B36B-A69BA8C99500}.Debug|x86.ActiveCfg = Debug|Any CPU
		{BDDFB27C-DD63-407B-B36B-A69BA8C99500}.Debug|x86.Build.0 = Debug|Any CPU
		{BDDFB27C-DD63-407B-B36B-A69BA8C99500}.Release|Any CPU.ActiveCfg = Release|Any CPU
		{BDDFB27C-DD63-407B-B36B-A69BA8C99500}.Release|Any CPU.Build.0 = Release|Any CPU
		{BDDFB27C-DD63-407B-B36B-A69BA8C99500}.Release|x64.ActiveCfg = Release|Any CPU
		{BDDFB27C-DD63-407B-B36B-A69BA8C99500}.Release|x64.Build.0 = Release|Any CPU
		{BDDFB27C-DD63-407B-B36B-A69BA8C99500}.Release|x86.ActiveCfg = Release|Any CPU
		{BDDFB27C-DD63-407B-B36B-A69BA8C99500}.Release|x86.Build.0 = Release|Any CPU
		{EEDE9F6D-DE79-4970-9720-BCAB6E302D0C}.Debug|Any CPU.ActiveCfg = Debug|Any CPU
		{EEDE9F6D-DE79-4970-9720-BCAB6E302D0C}.Debug|Any CPU.Build.0 = Debug|Any CPU
		{EEDE9F6D-DE79-4970-9720-BCAB6E302D0C}.Debug|x64.ActiveCfg = Debug|Any CPU
		{EEDE9F6D-DE79-4970-9720-BCAB6E302D0C}.Debug|x64.Build.0 = Debug|Any CPU
		{EEDE9F6D-DE79-4970-9720-BCAB6E302D0C}.Debug|x86.ActiveCfg = Debug|Any CPU
		{EEDE9F6D-DE79-4970-9720-BCAB6E302D0C}.Debug|x86.Build.0 = Debug|Any CPU
		{EEDE9F6D-DE79-4970-9720-BCAB6E302D0C}.Release|Any CPU.ActiveCfg = Release|Any CPU
		{EEDE9F6D-DE79-4970-9720-BCAB6E302D0C}.Release|Any CPU.Build.0 = Release|Any CPU
		{EEDE9F6D-DE79-4970-9720-BCAB6E302D0C}.Release|x64.ActiveCfg = Release|Any CPU
		{EEDE9F6D-DE79-4970-9720-BCAB6E302D0C}.Release|x64.Build.0 = Release|Any CPU
		{EEDE9F6D-DE79-4970-9720-BCAB6E302D0C}.Release|x86.ActiveCfg = Release|Any CPU
		{EEDE9F6D-DE79-4970-9720-BCAB6E302D0C}.Release|x86.Build.0 = Release|Any CPU
	EndGlobalSection
	GlobalSection(SolutionProperties) = preSolution
		HideSolutionNode = FALSE
	EndGlobalSection
	GlobalSection(NestedProjects) = preSolution
		{A6C74CBE-3205-46F0-924F-C40D20D964A1} = {827E0CD3-B72D-47B6-A68D-7590B98EB39B}
		{B8EDFB43-2FD3-4BE2-B86A-0AC2FDF08BC6} = {827E0CD3-B72D-47B6-A68D-7590B98EB39B}
		{BDDFB27C-DD63-407B-B36B-A69BA8C99500} = {827E0CD3-B72D-47B6-A68D-7590B98EB39B}
		{EEDE9F6D-DE79-4970-9720-BCAB6E302D0C} = {827E0CD3-B72D-47B6-A68D-7590B98EB39B}
	EndGlobalSection
EndGlobal
